
Microsoft Visual Studio Solution File, Format Version 12.00
# Visual Studio Version 17
VisualStudioVersion = 17.4.33205.214
MinimumVisualStudioVersion = 10.0.40219.1
Project("{9A19103F-16F7-4668-BE54-9A1E7A4F7556}") = "CheckersGame", "CheckersGame\CheckersGame.csproj", "{A2CAF6F7-7FE8-4E9C-AF9C-4DE27B7C50A7}"
EndProject
Project("{9A19103F-16F7-4668-BE54-9A1E7A4F7556}") = "CheckerTestProject", "CheckerTestProject\CheckerTestProject.csproj", "{33E338E1-9E5A-4CC1-961C-17983F4D3C7F}"
EndProject
Global
	GlobalSection(SolutionConfigurationPlatforms) = preSolution
		Debug|Any CPU = Debug|Any CPU
		Release|Any CPU = Release|Any CPU
	EndGlobalSection
	GlobalSection(ProjectConfigurationPlatforms) = postSolution
		{A2CAF6F7-7FE8-4E9C-AF9C-4DE27B7C50A7}.Debug|Any CPU.ActiveCfg = Debug|Any CPU
		{A2CAF6F7-7FE8-4E9C-AF9C-4DE27B7C50A7}.Debug|Any CPU.Build.0 = Debug|Any CPU
		{A2CAF6F7-7FE8-4E9C-AF9C-4DE27B7C50A7}.Release|Any CPU.ActiveCfg = Release|Any CPU
		{A2CAF6F7-7FE8-4E9C-AF9C-4DE27B7C50A7}.Release|Any CPU.Build.0 = Release|Any CPU
		{33E338E1-9E5A-4CC1-961C-17983F4D3C7F}.Debug|Any CPU.ActiveCfg = Debug|Any CPU
		{33E338E1-9E5A-4CC1-961C-17983F4D3C7F}.Debug|Any CPU.Build.0 = Debug|Any CPU
		{33E338E1-9E5A-4CC1-961C-17983F4D3C7F}.Release|Any CPU.ActiveCfg = Release|Any CPU
		{33E338E1-9E5A-4CC1-961C-17983F4D3C7F}.Release|Any CPU.Build.0 = Release|Any CPU
	EndGlobalSection
	GlobalSection(SolutionProperties) = preSolution
		HideSolutionNode = FALSE
	EndGlobalSection
	GlobalSection(ExtensibilityGlobals) = postSolution
		SolutionGuid = {C1470EF9-D774-40E8-AD97-A4C1A3308F6D}
	EndGlobalSection
EndGlobal
